
Microsoft Visual Studio Solution File, Format Version 12.00
# Visual Studio 15
VisualStudioVersion = 15.0.26228.9
MinimumVisualStudioVersion = 10.0.40219.1
Project("{FAE04EC0-301F-11D3-BF4B-00C04F79EFBC}") = "Migrations.EF", "src\Migrations.EF\Migrations.EF.csproj", "{7979DD34-8CA7-489C-A162-B39C7D927879}"
EndProject
Project("{FAE04EC0-301F-11D3-BF4B-00C04F79EFBC}") = "Migrations.DbUp", "src\Migrations.DbUp\Migrations.DbUp.csproj", "{D34438FD-DE5D-4077-B28B-A33B1038A6F5}"
EndProject
Project("{FAE04EC0-301F-11D3-BF4B-00C04F79EFBC}") = "Migrations.FluentMigrator", "src\Migrations.FluentMigrator\Migrations.FluentMigrator.csproj", "{5FF8B6AB-C51A-496A-BFC1-2FD83098B0F4}"
EndProject
Project("{FAE04EC0-301F-11D3-BF4B-00C04F79EFBC}") = "Migrations.Model", "src\Migrations.Model\Migrations.Model.csproj", "{E0A3B39F-4C4B-4E88-BFAB-C493F6B83312}"
EndProject
Project("{FAE04EC0-301F-11D3-BF4B-00C04F79EFBC}") = "Migrations.Model.Tests.Integration", "src\Migrations.Model.Tests.Integration\Migrations.Model.Tests.Integration.csproj", "{C1EE439E-7B86-4BB9-9B31-86778F082FA3}"
EndProject
Project("{2150E333-8FDC-42A3-9474-1A3956D46DE8}") = "EF", "EF", "{104D0B73-68DF-4DA5-BF09-265B68DF635F}"
EndProject
Project("{2150E333-8FDC-42A3-9474-1A3956D46DE8}") = "DbUp", "DbUp", "{479B6E8C-1205-41FD-82B5-14CFCA473EAE}"
EndProject
Project("{2150E333-8FDC-42A3-9474-1A3956D46DE8}") = "FM", "FM", "{ABB9979D-603F-4F36-8B40-C771A05F2DF7}"
EndProject
Global
	GlobalSection(SolutionConfigurationPlatforms) = preSolution
		Debug|Any CPU = Debug|Any CPU
		Release|Any CPU = Release|Any CPU
	EndGlobalSection
	GlobalSection(ProjectConfigurationPlatforms) = postSolution
		{7979DD34-8CA7-489C-A162-B39C7D927879}.Debug|Any CPU.ActiveCfg = Debug|Any CPU
		{7979DD34-8CA7-489C-A162-B39C7D927879}.Debug|Any CPU.Build.0 = Debug|Any CPU
		{7979DD34-8CA7-489C-A162-B39C7D927879}.Release|Any CPU.ActiveCfg = Release|Any CPU
		{7979DD34-8CA7-489C-A162-B39C7D927879}.Release|Any CPU.Build.0 = Release|Any CPU
		{D34438FD-DE5D-4077-B28B-A33B1038A6F5}.Debug|Any CPU.ActiveCfg = Debug|Any CPU
		{D34438FD-DE5D-4077-B28B-A33B1038A6F5}.Debug|Any CPU.Build.0 = Debug|Any CPU
		{D34438FD-DE5D-4077-B28B-A33B1038A6F5}.Release|Any CPU.ActiveCfg = Release|Any CPU
		{D34438FD-DE5D-4077-B28B-A33B1038A6F5}.Release|Any CPU.Build.0 = Release|Any CPU
		{5FF8B6AB-C51A-496A-BFC1-2FD83098B0F4}.Debug|Any CPU.ActiveCfg = Debug|Any CPU
		{5FF8B6AB-C51A-496A-BFC1-2FD83098B0F4}.Debug|Any CPU.Build.0 = Debug|Any CPU
		{5FF8B6AB-C51A-496A-BFC1-2FD83098B0F4}.Release|Any CPU.ActiveCfg = Release|Any CPU
		{5FF8B6AB-C51A-496A-BFC1-2FD83098B0F4}.Release|Any CPU.Build.0 = Release|Any CPU
		{E0A3B39F-4C4B-4E88-BFAB-C493F6B83312}.Debug|Any CPU.ActiveCfg = Debug|Any CPU
		{E0A3B39F-4C4B-4E88-BFAB-C493F6B83312}.Debug|Any CPU.Build.0 = Debug|Any CPU
		{E0A3B39F-4C4B-4E88-BFAB-C493F6B83312}.Release|Any CPU.ActiveCfg = Release|Any CPU
		{E0A3B39F-4C4B-4E88-BFAB-C493F6B83312}.Release|Any CPU.Build.0 = Release|Any CPU
		{C1EE439E-7B86-4BB9-9B31-86778F082FA3}.Debug|Any CPU.ActiveCfg = Debug|Any CPU
		{C1EE439E-7B86-4BB9-9B31-86778F082FA3}.Debug|Any CPU.Build.0 = Debug|Any CPU
		{C1EE439E-7B86-4BB9-9B31-86778F082FA3}.Release|Any CPU.ActiveCfg = Release|Any CPU
		{C1EE439E-7B86-4BB9-9B31-86778F082FA3}.Release|Any CPU.Build.0 = Release|Any CPU
	EndGlobalSection
	GlobalSection(SolutionProperties) = preSolution
		HideSolutionNode = FALSE
	EndGlobalSection
	GlobalSection(NestedProjects) = preSolution
		{7979DD34-8CA7-489C-A162-B39C7D927879} = {104D0B73-68DF-4DA5-BF09-265B68DF635F}
		{D34438FD-DE5D-4077-B28B-A33B1038A6F5} = {479B6E8C-1205-41FD-82B5-14CFCA473EAE}
		{5FF8B6AB-C51A-496A-BFC1-2FD83098B0F4} = {ABB9979D-603F-4F36-8B40-C771A05F2DF7}
		{C1EE439E-7B86-4BB9-9B31-86778F082FA3} = {104D0B73-68DF-4DA5-BF09-265B68DF635F}
	EndGlobalSection
EndGlobal
