
Microsoft Visual Studio Solution File, Format Version 12.00
# Visual Studio 15
VisualStudioVersion = 15.0.26228.9
MinimumVisualStudioVersion = 15.0.26124.0
Project("{9A19103F-16F7-4668-BE54-9A1E7A4F7556}") = "Migrations.Model.Core", "src\Migrations.Model.Core\Migrations.Model.Core.csproj", "{397366E3-6C93-4301-A6B6-DF6C94B072FA}"
EndProject
Project("{9A19103F-16F7-4668-BE54-9A1E7A4F7556}") = "Migrations.EF.Core", "src\Migrations.EF.Core\Migrations.EF.Core.csproj", "{EA4449A7-4C14-42D9-B762-9525978A48E2}"
EndProject
Project("{9A19103F-16F7-4668-BE54-9A1E7A4F7556}") = "Migrations.Model.Core.Tests.Integration", "src\Migrations.Model.Core.Tests.Integration\Migrations.Model.Core.Tests.Integration.csproj", "{37E061F0-4361-41D7-B5A4-6CBB865C2886}"
EndProject
Global
	GlobalSection(SolutionConfigurationPlatforms) = preSolution
		Debug|Any CPU = Debug|Any CPU
		Debug|x64 = Debug|x64
		Debug|x86 = Debug|x86
		Release|Any CPU = Release|Any CPU
		Release|x64 = Release|x64
		Release|x86 = Release|x86
	EndGlobalSection
	GlobalSection(ProjectConfigurationPlatforms) = postSolution
		{397366E3-6C93-4301-A6B6-DF6C94B072FA}.Debug|Any CPU.ActiveCfg = Debug|Any CPU
		{397366E3-6C93-4301-A6B6-DF6C94B072FA}.Debug|Any CPU.Build.0 = Debug|Any CPU
		{397366E3-6C93-4301-A6B6-DF6C94B072FA}.Debug|x64.ActiveCfg = Debug|Any CPU
		{397366E3-6C93-4301-A6B6-DF6C94B072FA}.Debug|x64.Build.0 = Debug|Any CPU
		{397366E3-6C93-4301-A6B6-DF6C94B072FA}.Debug|x86.ActiveCfg = Debug|Any CPU
		{397366E3-6C93-4301-A6B6-DF6C94B072FA}.Debug|x86.Build.0 = Debug|Any CPU
		{397366E3-6C93-4301-A6B6-DF6C94B072FA}.Release|Any CPU.ActiveCfg = Release|Any CPU
		{397366E3-6C93-4301-A6B6-DF6C94B072FA}.Release|Any CPU.Build.0 = Release|Any CPU
		{397366E3-6C93-4301-A6B6-DF6C94B072FA}.Release|x64.ActiveCfg = Release|Any CPU
		{397366E3-6C93-4301-A6B6-DF6C94B072FA}.Release|x64.Build.0 = Release|Any CPU
		{397366E3-6C93-4301-A6B6-DF6C94B072FA}.Release|x86.ActiveCfg = Release|Any CPU
		{397366E3-6C93-4301-A6B6-DF6C94B072FA}.Release|x86.Build.0 = Release|Any CPU
		{EA4449A7-4C14-42D9-B762-9525978A48E2}.Debug|Any CPU.ActiveCfg = Debug|Any CPU
		{EA4449A7-4C14-42D9-B762-9525978A48E2}.Debug|Any CPU.Build.0 = Debug|Any CPU
		{EA4449A7-4C14-42D9-B762-9525978A48E2}.Debug|x64.ActiveCfg = Debug|Any CPU
		{EA4449A7-4C14-42D9-B762-9525978A48E2}.Debug|x64.Build.0 = Debug|Any CPU
		{EA4449A7-4C14-42D9-B762-9525978A48E2}.Debug|x86.ActiveCfg = Debug|Any CPU
		{EA4449A7-4C14-42D9-B762-9525978A48E2}.Debug|x86.Build.0 = Debug|Any CPU
		{EA4449A7-4C14-42D9-B762-9525978A48E2}.Release|Any CPU.ActiveCfg = Release|Any CPU
		{EA4449A7-4C14-42D9-B762-9525978A48E2}.Release|Any CPU.Build.0 = Release|Any CPU
		{EA4449A7-4C14-42D9-B762-9525978A48E2}.Release|x64.ActiveCfg = Release|Any CPU
		{EA4449A7-4C14-42D9-B762-9525978A48E2}.Release|x64.Build.0 = Release|Any CPU
		{EA4449A7-4C14-42D9-B762-9525978A48E2}.Release|x86.ActiveCfg = Release|Any CPU
		{EA4449A7-4C14-42D9-B762-9525978A48E2}.Release|x86.Build.0 = Release|Any CPU
		{37E061F0-4361-41D7-B5A4-6CBB865C2886}.Debug|Any CPU.ActiveCfg = Debug|Any CPU
		{37E061F0-4361-41D7-B5A4-6CBB865C2886}.Debug|Any CPU.Build.0 = Debug|Any CPU
		{37E061F0-4361-41D7-B5A4-6CBB865C2886}.Debug|x64.ActiveCfg = Debug|Any CPU
		{37E061F0-4361-41D7-B5A4-6CBB865C2886}.Debug|x64.Build.0 = Debug|Any CPU
		{37E061F0-4361-41D7-B5A4-6CBB865C2886}.Debug|x86.ActiveCfg = Debug|Any CPU
		{37E061F0-4361-41D7-B5A4-6CBB865C2886}.Debug|x86.Build.0 = Debug|Any CPU
		{37E061F0-4361-41D7-B5A4-6CBB865C2886}.Release|Any CPU.ActiveCfg = Release|Any CPU
		{37E061F0-4361-41D7-B5A4-6CBB865C2886}.Release|Any CPU.Build.0 = Release|Any CPU
		{37E061F0-4361-41D7-B5A4-6CBB865C2886}.Release|x64.ActiveCfg = Release|Any CPU
		{37E061F0-4361-41D7-B5A4-6CBB865C2886}.Release|x64.Build.0 = Release|Any CPU
		{37E061F0-4361-41D7-B5A4-6CBB865C2886}.Release|x86.ActiveCfg = Release|Any CPU
		{37E061F0-4361-41D7-B5A4-6CBB865C2886}.Release|x86.Build.0 = Release|Any CPU
	EndGlobalSection
	GlobalSection(SolutionProperties) = preSolution
		HideSolutionNode = FALSE
	EndGlobalSection
EndGlobal
